// !$*UTF8*$!
{
	archiveVersion = 1;
	classes = {
	};
	objectVersion = 56;
	objects = {

/* Begin PBXBuildFile section */
		6A630AC12C9469C500F85CC9 /* AppDelegate.swift in Sources */ = {isa = PBXBuildFile; fileRef = 6A630AC02C9469C500F85CC9 /* AppDelegate.swift */; };
		6A630AC32C9469C500F85CC9 /* SceneDelegate.swift in Sources */ = {isa = PBXBuildFile; fileRef = 6A630AC22C9469C500F85CC9 /* SceneDelegate.swift */; };
		6A630AC52C9469C500F85CC9 /* ViewController.swift in Sources */ = {isa = PBXBuildFile; fileRef = 6A630AC42C9469C500F85CC9 /* ViewController.swift */; };
		6A630AC82C9469C500F85CC9 /* Base in Resources */ = {isa = PBXBuildFile; fileRef = 6A630AC72C9469C500F85CC9 /* Base */; };
		6A630ACB2C9469C500F85CC9 /* cafeMiniAppGariepy.xcdatamodeld in Sources */ = {isa = PBXBuildFile; fileRef = 6A630AC92C9469C500F85CC9 /* cafeMiniAppGariepy.xcdatamodeld */; };
		6A630ACD2C9469C700F85CC9 /* Assets.xcassets in Resources */ = {isa = PBXBuildFile; fileRef = 6A630ACC2C9469C700F85CC9 /* Assets.xcassets */; };
		6A630AD02C9469C700F85CC9 /* Base in Resources */ = {isa = PBXBuildFile; fileRef = 6A630ACF2C9469C700F85CC9 /* Base */; };
/* End PBXBuildFile section */

/* Begin PBXFileReference section */
		6A630ABD2C9469C500F85CC9 /* cafeMiniAppGariepy.app */ = {isa = PBXFileReference; explicitFileType = wrapper.application; includeInIndex = 0; path = cafeMiniAppGariepy.app; sourceTree = BUILT_PRODUCTS_DIR; };
		6A630AC02C9469C500F85CC9 /* AppDelegate.swift */ = {isa = PBXFileReference; lastKnownFileType = sourcecode.swift; path = AppDelegate.swift; sourceTree = "<group>"; };
		6A630AC22C9469C500F85CC9 /* SceneDelegate.swift */ = {isa = PBXFileReference; lastKnownFileType = sourcecode.swift; path = SceneDelegate.swift; sourceTree = "<group>"; };
		6A630AC42C9469C500F85CC9 /* ViewController.swift */ = {isa = PBXFileReference; lastKnownFileType = sourcecode.swift; path = ViewController.swift; sourceTree = "<group>"; };
		6A630AC72C9469C500F85CC9 /* Base */ = {isa = PBXFileReference; lastKnownFileType = file.storyboard; name = Base; path = Base.lproj/Main.storyboard; sourceTree = "<group>"; };
		6A630ACA2C9469C500F85CC9 /* cafeMiniAppGariepy.xcdatamodel */ = {isa = PBXFileReference; lastKnownFileType = wrapper.xcdatamodel; path = cafeMiniAppGariepy.xcdatamodel; sourceTree = "<group>"; };
		6A630ACC2C9469C700F85CC9 /* Assets.xcassets */ = {isa = PBXFileReference; lastKnownFileType = folder.assetcatalog; path = Assets.xcassets; sourceTree = "<group>"; };
		6A630ACF2C9469C700F85CC9 /* Base */ = {isa = PBXFileReference; lastKnownFileType = file.storyboard; name = Base; path = Base.lproj/LaunchScreen.storyboard; sourceTree = "<group>"; };
		6A630AD12C9469C700F85CC9 /* Info.plist */ = {isa = PBXFileReference; lastKnownFileType = text.plist.xml; path = Info.plist; sourceTree = "<group>"; };
/* End PBXFileReference section */

/* Begin PBXFrameworksBuildPhase section */
		6A630ABA2C9469C500F85CC9 /* Frameworks */ = {
			isa = PBXFrameworksBuildPhase;
			buildActionMask = 2147483647;
			files = (
			);
			runOnlyForDeploymentPostprocessing = 0;
		};
/* End PBXFrameworksBuildPhase section */

/* Begin PBXGroup section */
		6A630AB42C9469C500F85CC9 = {
			isa = PBXGroup;
			children = (
				6A630ABF2C9469C500F85CC9 /* cafeMiniAppGariepy */,
				6A630ABE2C9469C500F85CC9 /* Products */,
			);
			sourceTree = "<group>";
		};
		6A630ABE2C9469C500F85CC9 /* Products */ = {
			isa = PBXGroup;
			children = (
				6A630ABD2C9469C500F85CC9 /* cafeMiniAppGariepy.app */,
			);
			name = Products;
			sourceTree = "<group>";
		};
		6A630ABF2C9469C500F85CC9 /* cafeMiniAppGariepy */ = {
			isa = PBXGroup;
			children = (
				6A630AC02C9469C500F85CC9 /* AppDelegate.swift */,
				6A630AC22C9469C500F85CC9 /* SceneDelegate.swift */,
				6A630AC42C9469C500F85CC9 /* ViewController.swift */,
				6A630AC62C9469C500F85CC9 /* Main.storyboard */,
				6A630ACC2C9469C700F85CC9 /* Assets.xcassets */,
				6A630ACE2C9469C700F85CC9 /* LaunchScreen.storyboard */,
				6A630AD12C9469C700F85CC9 /* Info.plist */,
				6A630AC92C9469C500F85CC9 /* cafeMiniAppGariepy.xcdatamodeld */,
			);
			path = cafeMiniAppGariepy;
			sourceTree = "<group>";
		};
/* End PBXGroup section */

/* Begin PBXNativeTarget section */
		6A630ABC2C9469C500F85CC9 /* cafeMiniAppGariepy */ = {
			isa = PBXNativeTarget;
			buildConfigurationList = 6A630AD42C9469C700F85CC9 /* Build configuration list for PBXNativeTarget "cafeMiniAppGariepy" */;
			buildPhases = (
				6A630AB92C9469C500F85CC9 /* Sources */,
				6A630ABA2C9469C500F85CC9 /* Frameworks */,
				6A630ABB2C9469C500F85CC9 /* Resources */,
			);
			buildRules = (
			);
			dependencies = (
			);
			name = cafeMiniAppGariepy;
			productName = cafeMiniAppGariepy;
			productReference = 6A630ABD2C9469C500F85CC9 /* cafeMiniAppGariepy.app */;
			productType = "com.apple.product-type.application";
		};
/* End PBXNativeTarget section */

/* Begin PBXProject section */
		6A630AB52C9469C500F85CC9 /* Project object */ = {
			isa = PBXProject;
			attributes = {
				BuildIndependentTargetsInParallel = 1;
				LastSwiftUpdateCheck = 1540;
				LastUpgradeCheck = 1540;
				TargetAttributes = {
					6A630ABC2C9469C500F85CC9 = {
						CreatedOnToolsVersion = 15.4;
					};
				};
			};
			buildConfigurationList = 6A630AB82C9469C500F85CC9 /* Build configuration list for PBXProject "cafeMiniAppGariepy" */;
			compatibilityVersion = "Xcode 14.0";
			developmentRegion = en;
			hasScannedForEncodings = 0;
			knownRegions = (
				en,
				Base,
			);
			mainGroup = 6A630AB42C9469C500F85CC9;
			productRefGroup = 6A630ABE2C9469C500F85CC9 /* Products */;
			projectDirPath = "";
			projectRoot = "";
			targets = (
				6A630ABC2C9469C500F85CC9 /* cafeMiniAppGariepy */,
			);
		};
/* End PBXProject section */

/* Begin PBXResourcesBuildPhase section */
		6A630ABB2C9469C500F85CC9 /* Resources */ = {
			isa = PBXResourcesBuildPhase;
			buildActionMask = 2147483647;
			files = (
				6A630ACD2C9469C700F85CC9 /* Assets.xcassets in Resources */,
				6A630AD02C9469C700F85CC9 /* Base in Resources */,
				6A630AC82C9469C500F85CC9 /* Base in Resources */,
			);
			runOnlyForDeploymentPostprocessing = 0;
		};
/* End PBXResourcesBuildPhase section */

/* Begin PBXSourcesBuildPhase section */
		6A630AB92C9469C500F85CC9 /* Sources */ = {
			isa = PBXSourcesBuildPhase;
			buildActionMask = 2147483647;
			files = (
				6A630AC52C9469C500F85CC9 /* ViewController.swift in Sources */,
				6A630ACB2C9469C500F85CC9 /* cafeMiniAppGariepy.xcdatamodeld in Sources */,
				6A630AC12C9469C500F85CC9 /* AppDelegate.swift in Sources */,
				6A630AC32C9469C500F85CC9 /* SceneDelegate.swift in Sources */,
			);
			runOnlyForDeploymentPostprocessing = 0;
		};
/* End PBXSourcesBuildPhase section */

/* Begin PBXVariantGroup section */
		6A630AC62C9469C500F85CC9 /* Main.storyboard */ = {
			isa = PBXVariantGroup;
			children = (
				6A630AC72C9469C500F85CC9 /* Base */,
			);
			name = Main.storyboard;
			sourceTree = "<group>";
		};
		6A630ACE2C9469C700F85CC9 /* LaunchScreen.storyboard */ = {
			isa = PBXVariantGroup;
			children = (
				6A630ACF2C9469C700F85CC9 /* Base */,
			);
			name = LaunchScreen.storyboard;
			sourceTree = "<group>";
		};
/* End PBXVariantGroup section */

/* Begin XCBuildConfiguration section */
		6A630AD22C9469C700F85CC9 /* Debug */ = {
			isa = XCBuildConfiguration;
			buildSettings = {
				ALWAYS_SEARCH_USER_PATHS = NO;
				ASSETCATALOG_COMPILER_GENERATE_SWIFT_ASSET_SYMBOL_EXTENSIONS = YES;
				CLANG_ANALYZER_NONNULL = YES;
				CLANG_ANALYZER_NUMBER_OBJECT_CONVERSION = YES_AGGRESSIVE;
				CLANG_CXX_LANGUAGE_STANDARD = "gnu++20";
				CLANG_ENABLE_MODULES = YES;
				CLANG_ENABLE_OBJC_ARC = YES;
				CLANG_ENABLE_OBJC_WEAK = YES;
				CLANG_WARN_BLOCK_CAPTURE_AUTORELEASING = YES;
				CLANG_WARN_BOOL_CONVERSION = YES;
				CLANG_WARN_COMMA = YES;
				CLANG_WARN_CONSTANT_CONVERSION = YES;
				CLANG_WARN_DEPRECATED_OBJC_IMPLEMENTATIONS = YES;
				CLANG_WARN_DIRECT_OBJC_ISA_USAGE = YES_ERROR;
				CLANG_WARN_DOCUMENTATION_COMMENTS = YES;
				CLANG_WARN_EMPTY_BODY = YES;
				CLANG_WARN_ENUM_CONVERSION = YES;
				CLANG_WARN_INFINITE_RECURSION = YES;
				CLANG_WARN_INT_CONVERSION = YES;
				CLANG_WARN_NON_LITERAL_NULL_CONVERSION = YES;
				CLANG_WARN_OBJC_IMPLICIT_RETAIN_SELF = YES;
				CLANG_WARN_OBJC_LITERAL_CONVERSION = YES;
				CLANG_WARN_OBJC_ROOT_CLASS = YES_ERROR;
				CLANG_WARN_QUOTED_INCLUDE_IN_FRAMEWORK_HEADER = YES;
				CLANG_WARN_RANGE_LOOP_ANALYSIS = YES;
				CLANG_WARN_STRICT_PROTOTYPES = YES;
				CLANG_WARN_SUSPICIOUS_MOVE = YES;
				CLANG_WARN_UNGUARDED_AVAILABILITY = YES_AGGRESSIVE;
				CLANG_WARN_UNREACHABLE_CODE = YES;
				CLANG_WARN__DUPLICATE_METHOD_MATCH = YES;
				COPY_PHASE_STRIP = NO;
				DEBUG_INFORMATION_FORMAT = dwarf;
				ENABLE_STRICT_OBJC_MSGSEND = YES;
				ENABLE_TESTABILITY = YES;
				ENABLE_USER_SCRIPT_SANDBOXING = YES;
				GCC_C_LANGUAGE_STANDARD = gnu17;
				GCC_DYNAMIC_NO_PIC = NO;
				GCC_NO_COMMON_BLOCKS = YES;
				GCC_OPTIMIZATION_LEVEL = 0;
				GCC_PREPROCESSOR_DEFINITIONS = (
					"DEBUG=1",
					"$(inherited)",
				);
				GCC_WARN_64_TO_32_BIT_CONVERSION = YES;
				GCC_WARN_ABOUT_RETURN_TYPE = YES_ERROR;
				GCC_WARN_UNDECLARED_SELECTOR = YES;
				GCC_WARN_UNINITIALIZED_AUTOS = YES_AGGRESSIVE;
				GCC_WARN_UNUSED_FUNCTION = YES;
				GCC_WARN_UNUSED_VARIABLE = YES;
				IPHONEOS_DEPLOYMENT_TARGET = 17.5;
				LOCALIZATION_PREFERS_STRING_CATALOGS = YES;
				MTL_ENABLE_DEBUG_INFO = INCLUDE_SOURCE;
				MTL_FAST_MATH = YES;
				ONLY_ACTIVE_ARCH = YES;
				SDKROOT = iphoneos;
				SWIFT_ACTIVE_COMPILATION_CONDITIONS = "DEBUG $(inherited)";
				SWIFT_OPTIMIZATION_LEVEL = "-Onone";
			};
			name = Debug;
		};
		6A630AD32C9469C700F85CC9 /* Release */ = {
			isa = XCBuildConfiguration;
			buildSettings = {
				ALWAYS_SEARCH_USER_PATHS = NO;
				ASSETCATALOG_COMPILER_GENERATE_SWIFT_ASSET_SYMBOL_EXTENSIONS = YES;
				CLANG_ANALYZER_NONNULL = YES;
				CLANG_ANALYZER_NUMBER_OBJECT_CONVERSION = YES_AGGRESSIVE;
				CLANG_CXX_LANGUAGE_STANDARD = "gnu++20";
				CLANG_ENABLE_MODULES = YES;
				CLANG_ENABLE_OBJC_ARC = YES;
				CLANG_ENABLE_OBJC_WEAK = YES;
				CLANG_WARN_BLOCK_CAPTURE_AUTORELEASING = YES;
				CLANG_WARN_BOOL_CONVERSION = YES;
				CLANG_WARN_COMMA = YES;
				CLANG_WARN_CONSTANT_CONVERSION = YES;
				CLANG_WARN_DEPRECATED_OBJC_IMPLEMENTATIONS = YES;
				CLANG_WARN_DIRECT_OBJC_ISA_USAGE = YES_ERROR;
				CLANG_WARN_DOCUMENTATION_COMMENTS = YES;
				CLANG_WARN_EMPTY_BODY = YES;
				CLANG_WARN_ENUM_CONVERSION = YES;
				CLANG_WARN_INFINITE_RECURSION = YES;
				CLANG_WARN_INT_CONVERSION = YES;
				CLANG_WARN_NON_LITERAL_NULL_CONVERSION = YES;
				CLANG_WARN_OBJC_IMPLICIT_RETAIN_SELF = YES;
				CLANG_WARN_OBJC_LITERAL_CONVERSION = YES;
				CLANG_WARN_OBJC_ROOT_CLASS = YES_ERROR;
				CLANG_WARN_QUOTED_INCLUDE_IN_FRAMEWORK_HEADER = YES;
				CLANG_WARN_RANGE_LOOP_ANALYSIS = YES;
				CLANG_WARN_STRICT_PROTOTYPES = YES;
				CLANG_WARN_SUSPICIOUS_MOVE = YES;
				CLANG_WARN_UNGUARDED_AVAILABILITY = YES_AGGRESSIVE;
				CLANG_WARN_UNREACHABLE_CODE = YES;
				CLANG_WARN__DUPLICATE_METHOD_MATCH = YES;
				COPY_PHASE_STRIP = NO;
				DEBUG_INFORMATION_FORMAT = "dwarf-with-dsym";
				ENABLE_NS_ASSERTIONS = NO;
				ENABLE_STRICT_OBJC_MSGSEND = YES;
				ENABLE_USER_SCRIPT_SANDBOXING = YES;
				GCC_C_LANGUAGE_STANDARD = gnu17;
				GCC_NO_COMMON_BLOCKS = YES;
				GCC_WARN_64_TO_32_BIT_CONVERSION = YES;
				GCC_WARN_ABOUT_RETURN_TYPE = YES_ERROR;
				GCC_WARN_UNDECLARED_SELECTOR = YES;
				GCC_WARN_UNINITIALIZED_AUTOS = YES_AGGRESSIVE;
				GCC_WARN_UNUSED_FUNCTION = YES;
				GCC_WARN_UNUSED_VARIABLE = YES;
				IPHONEOS_DEPLOYMENT_TARGET = 17.5;
				LOCALIZATION_PREFERS_STRING_CATALOGS = YES;
				MTL_ENABLE_DEBUG_INFO = NO;
				MTL_FAST_MATH = YES;
				SDKROOT = iphoneos;
				SWIFT_COMPILATION_MODE = wholemodule;
				VALIDATE_PRODUCT = YES;
			};
			name = Release;
		};
		6A630AD52C9469C700F85CC9 /* Debug */ = {
			isa = XCBuildConfiguration;
			buildSettings = {
				ASSETCATALOG_COMPILER_APPICON_NAME = AppIcon;
				ASSETCATALOG_COMPILER_GLOBAL_ACCENT_COLOR_NAME = AccentColor;
				CODE_SIGN_STYLE = Automatic;
				CURRENT_PROJECT_VERSION = 1;
				DEVELOPMENT_TEAM = 9AJF89DFS7;
				GENERATE_INFOPLIST_FILE = YES;
				INFOPLIST_FILE = cafeMiniAppGariepy/Info.plist;
				INFOPLIST_KEY_UIApplicationSupportsIndirectInputEvents = YES;
				INFOPLIST_KEY_UILaunchStoryboardName = LaunchScreen;
				INFOPLIST_KEY_UIMainStoryboardFile = Main;
				INFOPLIST_KEY_UISupportedInterfaceOrientations_iPad = "UIInterfaceOrientationPortrait UIInterfaceOrientationPortraitUpsideDown UIInterfaceOrientationLandscapeLeft UIInterfaceOrientationLandscapeRight";
				INFOPLIST_KEY_UISupportedInterfaceOrientations_iPhone = "UIInterfaceOrientationPortrait UIInterfaceOrientationLandscapeLeft UIInterfaceOrientationLandscapeRight";
				LD_RUNPATH_SEARCH_PATHS = (
					"$(inherited)",
					"@executable_path/Frameworks",
				);
				MARKETING_VERSION = 1.0;
				PRODUCT_BUNDLE_IDENTIFIER = clc.cafeMiniAppGariepy;
				PRODUCT_NAME = "$(TARGET_NAME)";
				SWIFT_EMIT_LOC_STRINGS = YES;
				SWIFT_VERSION = 5.0;
				TARGETED_DEVICE_FAMILY = "1,2";
			};
			name = Debug;
		};
		6A630AD62C9469C700F85CC9 /* Release */ = {
			isa = XCBuildConfiguration;
			buildSettings = {
				ASSETCATALOG_COMPILER_APPICON_NAME = AppIcon;
				ASSETCATALOG_COMPILER_GLOBAL_ACCENT_COLOR_NAME = AccentColor;
				CODE_SIGN_STYLE = Automatic;
				CURRENT_PROJECT_VERSION = 1;
				DEVELOPMENT_TEAM = 9AJF89DFS7;
				GENERATE_INFOPLIST_FILE = YES;
				INFOPLIST_FILE = cafeMiniAppGariepy/Info.plist;
				INFOPLIST_KEY_UIApplicationSupportsIndirectInputEvents = YES;
				INFOPLIST_KEY_UILaunchStoryboardName = LaunchScreen;
				INFOPLIST_KEY_UIMainStoryboardFile = Main;
				INFOPLIST_KEY_UISupportedInterfaceOrientations_iPad = "UIInterfaceOrientationPortrait UIInterfaceOrientationPortraitUpsideDown UIInterfaceOrientationLandscapeLeft UIInterfaceOrientationLandscapeRight";
				INFOPLIST_KEY_UISupportedInterfaceOrientations_iPhone = "UIInterfaceOrientationPortrait UIInterfaceOrientationLandscapeLeft UIInterfaceOrientationLandscapeRight";
				LD_RUNPATH_SEARCH_PATHS = (
					"$(inherited)",
					"@executable_path/Frameworks",
				);
				MARKETING_VERSION = 1.0;
				PRODUCT_BUNDLE_IDENTIFIER = clc.cafeMiniAppGariepy;
				PRODUCT_NAME = "$(TARGET_NAME)";
				SWIFT_EMIT_LOC_STRINGS = YES;
				SWIFT_VERSION = 5.0;
				TARGETED_DEVICE_FAMILY = "1,2";
			};
			name = Release;
		};
/* End XCBuildConfiguration section */

/* Begin XCConfigurationList section */
		6A630AB82C9469C500F85CC9 /* Build configuration list for PBXProject "cafeMiniAppGariepy" */ = {
			isa = XCConfigurationList;
			buildConfigurations = (
				6A630AD22C9469C700F85CC9 /* Debug */,
				6A630AD32C9469C700F85CC9 /* Release */,
			);
			defaultConfigurationIsVisible = 0;
			defaultConfigurationName = Release;
		};
		6A630AD42C9469C700F85CC9 /* Build configuration list for PBXNativeTarget "cafeMiniAppGariepy" */ = {
			isa = XCConfigurationList;
			buildConfigurations = (
				6A630AD52C9469C700F85CC9 /* Debug */,
				6A630AD62C9469C700F85CC9 /* Release */,
			);
			defaultConfigurationIsVisible = 0;
			defaultConfigurationName = Release;
		};
/* End XCConfigurationList section */

/* Begin XCVersionGroup section */
		6A630AC92C9469C500F85CC9 /* cafeMiniAppGariepy.xcdatamodeld */ = {
			isa = XCVersionGroup;
			children = (
				6A630ACA2C9469C500F85CC9 /* cafeMiniAppGariepy.xcdatamodel */,
			);
			currentVersion = 6A630ACA2C9469C500F85CC9 /* cafeMiniAppGariepy.xcdatamodel */;
			path = cafeMiniAppGariepy.xcdatamodeld;
			sourceTree = "<group>";
			versionGroupType = wrapper.xcdatamodel;
		};
/* End XCVersionGroup section */
	};
	rootObject = 6A630AB52C9469C500F85CC9 /* Project object */;
}
